{
  "nodes": {
    "flakeNimbleLib": {
      "inputs": {
        "nixpkgs": [
          "nixpkgs"
        ]
      },
      "locked": {
        "lastModified": 1648105061,
        "narHash": "sha256-Je25qNlH4xrH3+m6vIq6yPvdfQ80FRTwX4JOhrRLduc=",
        "owner": "riinr",
        "repo": "nim-flakes-lib",
        "rev": "f1ec5e2f15b9f717c33b6942ce7cb344ff868522",
        "type": "github"
      },
      "original": {
        "owner": "riinr",
        "ref": "master",
        "repo": "nim-flakes-lib",
        "type": "github"
      }
    },
    "nixpkgs": {
      "locked": {
        "narHash": "sha256-sK1Ow//80EKE3bAF5d+2gB8vPXw6m5TBk3wSLHvdVe0=",
        "path": "/nix/store/0yqgkbpmsk7ck4s34wk505sfdd9vils4-source",
        "type": "path"
      },
      "original": {
        "id": "nixpkgs",
        "type": "indirect"
      }
    },
    "root": {
      "inputs": {
        "flakeNimbleLib": "flakeNimbleLib",
        "nixpkgs": "nixpkgs",
        "src-cli-main": "src-cli-main"
      }
    },
    "src-cli-main": {
      "flake": false,
      "locked": {
        "lastModified": 1648259868,
        "narHash": "sha256-ff5ZyHplNPqZ8hxOddhkrUwRREwdsUB0kisk81MIf/s=",
        "owner": "zws-im",
        "repo": "cli",
        "rev": "98ff221fe98027dba93ec629b8db3e5737454ea8",
        "type": "github"
      },
      "original": {
        "owner": "zws-im",
        "ref": "refs/heads/main",
        "repo": "cli",
        "type": "github"
      }
    }
  },
  "root": "root",
  "version": 7
}
